// !$*UTF8*$!
{
	archiveVersion = 1;
	classes = {
	};
	objectVersion = 46;
	objects = {

/* Begin PBXBuildFile section */
		BA73721418340677002489C3 /* Foundation.framework in Frameworks */ = {isa = PBXBuildFile; fileRef = BA73721318340677002489C3 /* Foundation.framework */; };
		BA73721618340677002489C3 /* CoreGraphics.framework in Frameworks */ = {isa = PBXBuildFile; fileRef = BA73721518340677002489C3 /* CoreGraphics.framework */; };
		BA73721818340677002489C3 /* UIKit.framework in Frameworks */ = {isa = PBXBuildFile; fileRef = BA73721718340677002489C3 /* UIKit.framework */; };
		BA73721E18340677002489C3 /* InfoPlist.strings in Resources */ = {isa = PBXBuildFile; fileRef = BA73721C18340677002489C3 /* InfoPlist.strings */; };
		BA73722018340677002489C3 /* main.m in Sources */ = {isa = PBXBuildFile; fileRef = BA73721F18340677002489C3 /* main.m */; };
		BA73722418340677002489C3 /* AppDelegate.m in Sources */ = {isa = PBXBuildFile; fileRef = BA73722318340677002489C3 /* AppDelegate.m */; };
		BA73722718340677002489C3 /* Main_iPhone.storyboard in Resources */ = {isa = PBXBuildFile; fileRef = BA73722518340677002489C3 /* Main_iPhone.storyboard */; };
		BA73722A18340677002489C3 /* Main_iPad.storyboard in Resources */ = {isa = PBXBuildFile; fileRef = BA73722818340677002489C3 /* Main_iPad.storyboard */; };
		BA73722D18340677002489C3 /* MasterViewController.m in Sources */ = {isa = PBXBuildFile; fileRef = BA73722C18340677002489C3 /* MasterViewController.m */; };
		BA73723018340677002489C3 /* DetailViewController.m in Sources */ = {isa = PBXBuildFile; fileRef = BA73722F18340677002489C3 /* DetailViewController.m */; };
		BA73723218340677002489C3 /* Images.xcassets in Resources */ = {isa = PBXBuildFile; fileRef = BA73723118340677002489C3 /* Images.xcassets */; };
		BA73723918340677002489C3 /* XCTest.framework in Frameworks */ = {isa = PBXBuildFile; fileRef = BA73723818340677002489C3 /* XCTest.framework */; };
		BA73723A18340677002489C3 /* Foundation.framework in Frameworks */ = {isa = PBXBuildFile; fileRef = BA73721318340677002489C3 /* Foundation.framework */; };
		BA73723B18340677002489C3 /* UIKit.framework in Frameworks */ = {isa = PBXBuildFile; fileRef = BA73721718340677002489C3 /* UIKit.framework */; };
		BA73724318340677002489C3 /* InfoPlist.strings in Resources */ = {isa = PBXBuildFile; fileRef = BA73724118340677002489C3 /* InfoPlist.strings */; };
		BA73724518340677002489C3 /* chanViewTests.m in Sources */ = {isa = PBXBuildFile; fileRef = BA73724418340677002489C3 /* chanViewTests.m */; };
/* End PBXBuildFile section */

/* Begin PBXContainerItemProxy section */
		BA73723C18340677002489C3 /* PBXContainerItemProxy */ = {
			isa = PBXContainerItemProxy;
			containerPortal = BA73720818340677002489C3 /* Project object */;
			proxyType = 1;
			remoteGlobalIDString = BA73720F18340677002489C3;
			remoteInfo = chanView;
		};
/* End PBXContainerItemProxy section */

/* Begin PBXFileReference section */
		BA73721018340677002489C3 /* chanView.app */ = {isa = PBXFileReference; explicitFileType = wrapper.application; includeInIndex = 0; path = chanView.app; sourceTree = BUILT_PRODUCTS_DIR; };
		BA73721318340677002489C3 /* Foundation.framework */ = {isa = PBXFileReference; lastKnownFileType = wrapper.framework; name = Foundation.framework; path = System/Library/Frameworks/Foundation.framework; sourceTree = SDKROOT; };
		BA73721518340677002489C3 /* CoreGraphics.framework */ = {isa = PBXFileReference; lastKnownFileType = wrapper.framework; name = CoreGraphics.framework; path = System/Library/Frameworks/CoreGraphics.framework; sourceTree = SDKROOT; };
		BA73721718340677002489C3 /* UIKit.framework */ = {isa = PBXFileReference; lastKnownFileType = wrapper.framework; name = UIKit.framework; path = System/Library/Frameworks/UIKit.framework; sourceTree = SDKROOT; };
		BA73721B18340677002489C3 /* chanView-Info.plist */ = {isa = PBXFileReference; lastKnownFileType = text.plist.xml; path = "chanView-Info.plist"; sourceTree = "<group>"; };
		BA73721D18340677002489C3 /* en */ = {isa = PBXFileReference; lastKnownFileType = text.plist.strings; name = en; path = en.lproj/InfoPlist.strings; sourceTree = "<group>"; };
		BA73721F18340677002489C3 /* main.m */ = {isa = PBXFileReference; lastKnownFileType = sourcecode.c.objc; path = main.m; sourceTree = "<group>"; };
		BA73722118340677002489C3 /* chanView-Prefix.pch */ = {isa = PBXFileReference; lastKnownFileType = sourcecode.c.h; path = "chanView-Prefix.pch"; sourceTree = "<group>"; };
		BA73722218340677002489C3 /* AppDelegate.h */ = {isa = PBXFileReference; lastKnownFileType = sourcecode.c.h; path = AppDelegate.h; sourceTree = "<group>"; };
		BA73722318340677002489C3 /* AppDelegate.m */ = {isa = PBXFileReference; lastKnownFileType = sourcecode.c.objc; path = AppDelegate.m; sourceTree = "<group>"; };
		BA73722618340677002489C3 /* Base */ = {isa = PBXFileReference; lastKnownFileType = file.storyboard; name = Base; path = Base.lproj/Main_iPhone.storyboard; sourceTree = "<group>"; };
		BA73722918340677002489C3 /* Base */ = {isa = PBXFileReference; lastKnownFileType = file.storyboard; name = Base; path = Base.lproj/Main_iPad.storyboard; sourceTree = "<group>"; };
		BA73722B18340677002489C3 /* MasterViewController.h */ = {isa = PBXFileReference; lastKnownFileType = sourcecode.c.h; path = MasterViewController.h; sourceTree = "<group>"; };
		BA73722C18340677002489C3 /* MasterViewController.m */ = {isa = PBXFileReference; lastKnownFileType = sourcecode.c.objc; path = MasterViewController.m; sourceTree = "<group>"; };
		BA73722E18340677002489C3 /* DetailViewController.h */ = {isa = PBXFileReference; lastKnownFileType = sourcecode.c.h; path = DetailViewController.h; sourceTree = "<group>"; };
		BA73722F18340677002489C3 /* DetailViewController.m */ = {isa = PBXFileReference; lastKnownFileType = sourcecode.c.objc; path = DetailViewController.m; sourceTree = "<group>"; };
		BA73723118340677002489C3 /* Images.xcassets */ = {isa = PBXFileReference; lastKnownFileType = folder.assetcatalog; path = Images.xcassets; sourceTree = "<group>"; };
		BA73723718340677002489C3 /* chanViewTests.xctest */ = {isa = PBXFileReference; explicitFileType = wrapper.cfbundle; includeInIndex = 0; path = chanViewTests.xctest; sourceTree = BUILT_PRODUCTS_DIR; };
		BA73723818340677002489C3 /* XCTest.framework */ = {isa = PBXFileReference; lastKnownFileType = wrapper.framework; name = XCTest.framework; path = Library/Frameworks/XCTest.framework; sourceTree = DEVELOPER_DIR; };
		BA73724018340677002489C3 /* chanViewTests-Info.plist */ = {isa = PBXFileReference; lastKnownFileType = text.plist.xml; path = "chanViewTests-Info.plist"; sourceTree = "<group>"; };
		BA73724218340677002489C3 /* en */ = {isa = PBXFileReference; lastKnownFileType = text.plist.strings; name = en; path = en.lproj/InfoPlist.strings; sourceTree = "<group>"; };
		BA73724418340677002489C3 /* chanViewTests.m */ = {isa = PBXFileReference; lastKnownFileType = sourcecode.c.objc; path = chanViewTests.m; sourceTree = "<group>"; };
/* End PBXFileReference section */

/* Begin PBXFrameworksBuildPhase section */
		BA73720D18340677002489C3 /* Frameworks */ = {
			isa = PBXFrameworksBuildPhase;
			buildActionMask = 2147483647;
			files = (
				BA73721618340677002489C3 /* CoreGraphics.framework in Frameworks */,
				BA73721818340677002489C3 /* UIKit.framework in Frameworks */,
				BA73721418340677002489C3 /* Foundation.framework in Frameworks */,
			);
			runOnlyForDeploymentPostprocessing = 0;
		};
		BA73723418340677002489C3 /* Frameworks */ = {
			isa = PBXFrameworksBuildPhase;
			buildActionMask = 2147483647;
			files = (
				BA73723918340677002489C3 /* XCTest.framework in Frameworks */,
				BA73723B18340677002489C3 /* UIKit.framework in Frameworks */,
				BA73723A18340677002489C3 /* Foundation.framework in Frameworks */,
			);
			runOnlyForDeploymentPostprocessing = 0;
		};
/* End PBXFrameworksBuildPhase section */

/* Begin PBXGroup section */
		BA73720718340677002489C3 = {
			isa = PBXGroup;
			children = (
				BA73721918340677002489C3 /* chanView */,
				BA73723E18340677002489C3 /* chanViewTests */,
				BA73721218340677002489C3 /* Frameworks */,
				BA73721118340677002489C3 /* Products */,
			);
			sourceTree = "<group>";
		};
		BA73721118340677002489C3 /* Products */ = {
			isa = PBXGroup;
			children = (
				BA73721018340677002489C3 /* chanView.app */,
				BA73723718340677002489C3 /* chanViewTests.xctest */,
			);
			name = Products;
			sourceTree = "<group>";
		};
		BA73721218340677002489C3 /* Frameworks */ = {
			isa = PBXGroup;
			children = (
				BA73721318340677002489C3 /* Foundation.framework */,
				BA73721518340677002489C3 /* CoreGraphics.framework */,
				BA73721718340677002489C3 /* UIKit.framework */,
				BA73723818340677002489C3 /* XCTest.framework */,
			);
			name = Frameworks;
			sourceTree = "<group>";
		};
		BA73721918340677002489C3 /* chanView */ = {
			isa = PBXGroup;
			children = (
				BA73722218340677002489C3 /* AppDelegate.h */,
				BA73722318340677002489C3 /* AppDelegate.m */,
				BA73722518340677002489C3 /* Main_iPhone.storyboard */,
				BA73722818340677002489C3 /* Main_iPad.storyboard */,
				BA73722B18340677002489C3 /* MasterViewController.h */,
				BA73722C18340677002489C3 /* MasterViewController.m */,
				BA73722E18340677002489C3 /* DetailViewController.h */,
				BA73722F18340677002489C3 /* DetailViewController.m */,
				BA73723118340677002489C3 /* Images.xcassets */,
				BA73721A18340677002489C3 /* Supporting Files */,
			);
			path = chanView;
			sourceTree = "<group>";
		};
		BA73721A18340677002489C3 /* Supporting Files */ = {
			isa = PBXGroup;
			children = (
				BA73721B18340677002489C3 /* chanView-Info.plist */,
				BA73721C18340677002489C3 /* InfoPlist.strings */,
				BA73721F18340677002489C3 /* main.m */,
				BA73722118340677002489C3 /* chanView-Prefix.pch */,
			);
			name = "Supporting Files";
			sourceTree = "<group>";
		};
		BA73723E18340677002489C3 /* chanViewTests */ = {
			isa = PBXGroup;
			children = (
				BA73724418340677002489C3 /* chanViewTests.m */,
				BA73723F18340677002489C3 /* Supporting Files */,
			);
			path = chanViewTests;
			sourceTree = "<group>";
		};
		BA73723F18340677002489C3 /* Supporting Files */ = {
			isa = PBXGroup;
			children = (
				BA73724018340677002489C3 /* chanViewTests-Info.plist */,
				BA73724118340677002489C3 /* InfoPlist.strings */,
			);
			name = "Supporting Files";
			sourceTree = "<group>";
		};
/* End PBXGroup section */

/* Begin PBXNativeTarget section */
		BA73720F18340677002489C3 /* chanView */ = {
			isa = PBXNativeTarget;
			buildConfigurationList = BA73724818340677002489C3 /* Build configuration list for PBXNativeTarget "chanView" */;
			buildPhases = (
				BA73720C18340677002489C3 /* Sources */,
				BA73720D18340677002489C3 /* Frameworks */,
				BA73720E18340677002489C3 /* Resources */,
			);
			buildRules = (
			);
			dependencies = (
			);
			name = chanView;
			productName = chanView;
			productReference = BA73721018340677002489C3 /* chanView.app */;
			productType = "com.apple.product-type.application";
		};
		BA73723618340677002489C3 /* chanViewTests */ = {
			isa = PBXNativeTarget;
			buildConfigurationList = BA73724B18340677002489C3 /* Build configuration list for PBXNativeTarget "chanViewTests" */;
			buildPhases = (
				BA73723318340677002489C3 /* Sources */,
				BA73723418340677002489C3 /* Frameworks */,
				BA73723518340677002489C3 /* Resources */,
			);
			buildRules = (
			);
			dependencies = (
				BA73723D18340677002489C3 /* PBXTargetDependency */,
			);
			name = chanViewTests;
			productName = chanViewTests;
			productReference = BA73723718340677002489C3 /* chanViewTests.xctest */;
			productType = "com.apple.product-type.bundle.unit-test";
		};
/* End PBXNativeTarget section */

/* Begin PBXProject section */
		BA73720818340677002489C3 /* Project object */ = {
			isa = PBXProject;
			attributes = {
				LastUpgradeCheck = 0500;
				ORGANIZATIONNAME = "Grayson Chao";
				TargetAttributes = {
					BA73723618340677002489C3 = {
						TestTargetID = BA73720F18340677002489C3;
					};
				};
			};
			buildConfigurationList = BA73720B18340677002489C3 /* Build configuration list for PBXProject "chanView" */;
			compatibilityVersion = "Xcode 3.2";
			developmentRegion = English;
			hasScannedForEncodings = 0;
			knownRegions = (
				en,
				Base,
			);
			mainGroup = BA73720718340677002489C3;
			productRefGroup = BA73721118340677002489C3 /* Products */;
			projectDirPath = "";
			projectRoot = "";
			targets = (
				BA73720F18340677002489C3 /* chanView */,
				BA73723618340677002489C3 /* chanViewTests */,
			);
		};
/* End PBXProject section */

/* Begin PBXResourcesBuildPhase section */
		BA73720E18340677002489C3 /* Resources */ = {
			isa = PBXResourcesBuildPhase;
			buildActionMask = 2147483647;
			files = (
				BA73722A18340677002489C3 /* Main_iPad.storyboard in Resources */,
				BA73723218340677002489C3 /* Images.xcassets in Resources */,
				BA73722718340677002489C3 /* Main_iPhone.storyboard in Resources */,
				BA73721E18340677002489C3 /* InfoPlist.strings in Resources */,
			);
			runOnlyForDeploymentPostprocessing = 0;
		};
		BA73723518340677002489C3 /* Resources */ = {
			isa = PBXResourcesBuildPhase;
			buildActionMask = 2147483647;
			files = (
				BA73724318340677002489C3 /* InfoPlist.strings in Resources */,
			);
			runOnlyForDeploymentPostprocessing = 0;
		};
/* End PBXResourcesBuildPhase section */

/* Begin PBXSourcesBuildPhase section */
		BA73720C18340677002489C3 /* Sources */ = {
			isa = PBXSourcesBuildPhase;
			buildActionMask = 2147483647;
			files = (
				BA73722418340677002489C3 /* AppDelegate.m in Sources */,
				BA73722D18340677002489C3 /* MasterViewController.m in Sources */,
				BA73722018340677002489C3 /* main.m in Sources */,
				BA73723018340677002489C3 /* DetailViewController.m in Sources */,
			);
			runOnlyForDeploymentPostprocessing = 0;
		};
		BA73723318340677002489C3 /* Sources */ = {
			isa = PBXSourcesBuildPhase;
			buildActionMask = 2147483647;
			files = (
				BA73724518340677002489C3 /* chanViewTests.m in Sources */,
			);
			runOnlyForDeploymentPostprocessing = 0;
		};
/* End PBXSourcesBuildPhase section */

/* Begin PBXTargetDependency section */
		BA73723D18340677002489C3 /* PBXTargetDependency */ = {
			isa = PBXTargetDependency;
			target = BA73720F18340677002489C3 /* chanView */;
			targetProxy = BA73723C18340677002489C3 /* PBXContainerItemProxy */;
		};
/* End PBXTargetDependency section */

/* Begin PBXVariantGroup section */
		BA73721C18340677002489C3 /* InfoPlist.strings */ = {
			isa = PBXVariantGroup;
			children = (
				BA73721D18340677002489C3 /* en */,
			);
			name = InfoPlist.strings;
			sourceTree = "<group>";
		};
		BA73722518340677002489C3 /* Main_iPhone.storyboard */ = {
			isa = PBXVariantGroup;
			children = (
				BA73722618340677002489C3 /* Base */,
			);
			name = Main_iPhone.storyboard;
			sourceTree = "<group>";
		};
		BA73722818340677002489C3 /* Main_iPad.storyboard */ = {
			isa = PBXVariantGroup;
			children = (
				BA73722918340677002489C3 /* Base */,
			);
			name = Main_iPad.storyboard;
			sourceTree = "<group>";
		};
		BA73724118340677002489C3 /* InfoPlist.strings */ = {
			isa = PBXVariantGroup;
			children = (
				BA73724218340677002489C3 /* en */,
			);
			name = InfoPlist.strings;
			sourceTree = "<group>";
		};
/* End PBXVariantGroup section */

/* Begin XCBuildConfiguration section */
		BA73724618340677002489C3 /* Debug */ = {
			isa = XCBuildConfiguration;
			buildSettings = {
				ALWAYS_SEARCH_USER_PATHS = NO;
				ARCHS = "$(ARCHS_STANDARD_INCLUDING_64_BIT)";
				CLANG_CXX_LANGUAGE_STANDARD = "gnu++0x";
				CLANG_CXX_LIBRARY = "libc++";
				CLANG_ENABLE_MODULES = YES;
				CLANG_ENABLE_OBJC_ARC = YES;
				CLANG_WARN_BOOL_CONVERSION = YES;
				CLANG_WARN_CONSTANT_CONVERSION = YES;
				CLANG_WARN_DIRECT_OBJC_ISA_USAGE = YES_ERROR;
				CLANG_WARN_EMPTY_BODY = YES;
				CLANG_WARN_ENUM_CONVERSION = YES;
				CLANG_WARN_INT_CONVERSION = YES;
				CLANG_WARN_OBJC_ROOT_CLASS = YES_ERROR;
				CLANG_WARN__DUPLICATE_METHOD_MATCH = YES;
				"CODE_SIGN_IDENTITY[sdk=iphoneos*]" = "iPhone Developer";
				COPY_PHASE_STRIP = NO;
				GCC_C_LANGUAGE_STANDARD = gnu99;
				GCC_DYNAMIC_NO_PIC = NO;
				GCC_OPTIMIZATION_LEVEL = 0;
				GCC_PREPROCESSOR_DEFINITIONS = (
					"DEBUG=1",
					"$(inherited)",
				);
				GCC_SYMBOLS_PRIVATE_EXTERN = NO;
				GCC_WARN_64_TO_32_BIT_CONVERSION = YES;
				GCC_WARN_ABOUT_RETURN_TYPE = YES_ERROR;
				GCC_WARN_UNDECLARED_SELECTOR = YES;
				GCC_WARN_UNINITIALIZED_AUTOS = YES;
				GCC_WARN_UNUSED_FUNCTION = YES;
				GCC_WARN_UNUSED_VARIABLE = YES;
				IPHONEOS_DEPLOYMENT_TARGET = 7.0;
				ONLY_ACTIVE_ARCH = YES;
				SDKROOT = iphoneos;
				TARGETED_DEVICE_FAMILY = "1,2";
			};
			name = Debug;
		};
		BA73724718340677002489C3 /* Release */ = {
			isa = XCBuildConfiguration;
			buildSettings = {
				ALWAYS_SEARCH_USER_PATHS = NO;
				ARCHS = "$(ARCHS_STANDARD_INCLUDING_64_BIT)";
				CLANG_CXX_LANGUAGE_STANDARD = "gnu++0x";
				CLANG_CXX_LIBRARY = "libc++";
				CLANG_ENABLE_MODULES = YES;
				CLANG_ENABLE_OBJC_ARC = YES;
				CLANG_WARN_BOOL_CONVERSION = YES;
				CLANG_WARN_CONSTANT_CONVERSION = YES;
				CLANG_WARN_DIRECT_OBJC_ISA_USAGE = YES_ERROR;
				CLANG_WARN_EMPTY_BODY = YES;
				CLANG_WARN_ENUM_CONVERSION = YES;
				CLANG_WARN_INT_CONVERSION = YES;
				CLANG_WARN_OBJC_ROOT_CLASS = YES_ERROR;
				CLANG_WARN__DUPLICATE_METHOD_MATCH = YES;
				"CODE_SIGN_IDENTITY[sdk=iphoneos*]" = "iPhone Developer";
				COPY_PHASE_STRIP = YES;
				ENABLE_NS_ASSERTIONS = NO;
				GCC_C_LANGUAGE_STANDARD = gnu99;
				GCC_WARN_64_TO_32_BIT_CONVERSION = YES;
				GCC_WARN_ABOUT_RETURN_TYPE = YES_ERROR;
				GCC_WARN_UNDECLARED_SELECTOR = YES;
				GCC_WARN_UNINITIALIZED_AUTOS = YES;
				GCC_WARN_UNUSED_FUNCTION = YES;
				GCC_WARN_UNUSED_VARIABLE = YES;
				IPHONEOS_DEPLOYMENT_TARGET = 7.0;
				SDKROOT = iphoneos;
				TARGETED_DEVICE_FAMILY = "1,2";
				VALIDATE_PRODUCT = YES;
			};
			name = Release;
		};
		BA73724918340677002489C3 /* Debug */ = {
			isa = XCBuildConfiguration;
			buildSettings = {
				ASSETCATALOG_COMPILER_APPICON_NAME = AppIcon;
				ASSETCATALOG_COMPILER_LAUNCHIMAGE_NAME = LaunchImage;
				GCC_PRECOMPILE_PREFIX_HEADER = YES;
				GCC_PREFIX_HEADER = "chanView/chanView-Prefix.pch";
				INFOPLIST_FILE = "chanView/chanView-Info.plist";
				PRODUCT_NAME = "$(TARGET_NAME)";
				WRAPPER_EXTENSION = app;
			};
			name = Debug;
		};
		BA73724A18340677002489C3 /* Release */ = {
			isa = XCBuildConfiguration;
			buildSettings = {
				ASSETCATALOG_COMPILER_APPICON_NAME = AppIcon;
				ASSETCATALOG_COMPILER_LAUNCHIMAGE_NAME = LaunchImage;
				GCC_PRECOMPILE_PREFIX_HEADER = YES;
				GCC_PREFIX_HEADER = "chanView/chanView-Prefix.pch";
				INFOPLIST_FILE = "chanView/chanView-Info.plist";
				PRODUCT_NAME = "$(TARGET_NAME)";
				WRAPPER_EXTENSION = app;
			};
			name = Release;
		};
		BA73724C18340677002489C3 /* Debug */ = {
			isa = XCBuildConfiguration;
			buildSettings = {
				ARCHS = "$(ARCHS_STANDARD_INCLUDING_64_BIT)";
				BUNDLE_LOADER = "$(BUILT_PRODUCTS_DIR)/chanView.app/chanView";
				FRAMEWORK_SEARCH_PATHS = (
					"$(SDKROOT)/Developer/Library/Frameworks",
					"$(inherited)",
					"$(DEVELOPER_FRAMEWORKS_DIR)",
				);
				GCC_PRECOMPILE_PREFIX_HEADER = YES;
				GCC_PREFIX_HEADER = "chanView/chanView-Prefix.pch";
				GCC_PREPROCESSOR_DEFINITIONS = (
					"DEBUG=1",
					"$(inherited)",
				);
				INFOPLIST_FILE = "chanViewTests/chanViewTests-Info.plist";
				PRODUCT_NAME = "$(TARGET_NAME)";
				TEST_HOST = "$(BUNDLE_LOADER)";
				WRAPPER_EXTENSION = xctest;
			};
			name = Debug;
		};
		BA73724D18340677002489C3 /* Release */ = {
			isa = XCBuildConfiguration;
			buildSettings = {
				ARCHS = "$(ARCHS_STANDARD_INCLUDING_64_BIT)";
				BUNDLE_LOADER = "$(BUILT_PRODUCTS_DIR)/chanView.app/chanView";
				FRAMEWORK_SEARCH_PATHS = (
					"$(SDKROOT)/Developer/Library/Frameworks",
					"$(inherited)",
					"$(DEVELOPER_FRAMEWORKS_DIR)",
				);
				GCC_PRECOMPILE_PREFIX_HEADER = YES;
				GCC_PREFIX_HEADER = "chanView/chanView-Prefix.pch";
				INFOPLIST_FILE = "chanViewTests/chanViewTests-Info.plist";
				PRODUCT_NAME = "$(TARGET_NAME)";
				TEST_HOST = "$(BUNDLE_LOADER)";
				WRAPPER_EXTENSION = xctest;
			};
			name = Release;
		};
/* End XCBuildConfiguration section */

/* Begin XCConfigurationList section */
		BA73720B18340677002489C3 /* Build configuration list for PBXProject "chanView" */ = {
			isa = XCConfigurationList;
			buildConfigurations = (
				BA73724618340677002489C3 /* Debug */,
				BA73724718340677002489C3 /* Release */,
			);
			defaultConfigurationIsVisible = 0;
			defaultConfigurationName = Release;
		};
		BA73724818340677002489C3 /* Build configuration list for PBXNativeTarget "chanView" */ = {
			isa = XCConfigurationList;
			buildConfigurations = (
				BA73724918340677002489C3 /* Debug */,
				BA73724A18340677002489C3 /* Release */,
			);
			defaultConfigurationIsVisible = 0;
		};
		BA73724B18340677002489C3 /* Build configuration list for PBXNativeTarget "chanViewTests" */ = {
			isa = XCConfigurationList;
			buildConfigurations = (
				BA73724C18340677002489C3 /* Debug */,
				BA73724D18340677002489C3 /* Release */,
			);
			defaultConfigurationIsVisible = 0;
		};
/* End XCConfigurationList section */
	};
	rootObject = BA73720818340677002489C3 /* Project object */;
}
